// !$*UTF8*$!
{
	archiveVersion = 1;
	classes = {
	};
	objectVersion = 50;
	objects = {

/* Begin PBXBuildFile section */
		4546325323EEFDEB00936CB0 /* AppDelegate.swift in Sources */ = {isa = PBXBuildFile; fileRef = 4546325223EEFDEB00936CB0 /* AppDelegate.swift */; };
		4546325523EEFDEB00936CB0 /* SceneDelegate.swift in Sources */ = {isa = PBXBuildFile; fileRef = 4546325423EEFDEB00936CB0 /* SceneDelegate.swift */; };
		4546325723EEFDEB00936CB0 /* MainDogListViewController.swift in Sources */ = {isa = PBXBuildFile; fileRef = 4546325623EEFDEB00936CB0 /* MainDogListViewController.swift */; };
		4546325C23EEFDEC00936CB0 /* Assets.xcassets in Resources */ = {isa = PBXBuildFile; fileRef = 4546325B23EEFDEC00936CB0 /* Assets.xcassets */; };
		4546325F23EEFDEC00936CB0 /* LaunchScreen.storyboard in Resources */ = {isa = PBXBuildFile; fileRef = 4546325D23EEFDEC00936CB0 /* LaunchScreen.storyboard */; };
		4546326A23EEFDEC00936CB0 /* FindMeDogsTests.swift in Sources */ = {isa = PBXBuildFile; fileRef = 4546326923EEFDEC00936CB0 /* FindMeDogsTests.swift */; };
		4546327523EEFDEC00936CB0 /* FindMeDogsUITests.swift in Sources */ = {isa = PBXBuildFile; fileRef = 4546327423EEFDEC00936CB0 /* FindMeDogsUITests.swift */; };
		4546328423EF000300936CB0 /* Networking.swift in Sources */ = {isa = PBXBuildFile; fileRef = 4546328323EF000300936CB0 /* Networking.swift */; };
		4546328623EF027700936CB0 /* Models.swift in Sources */ = {isa = PBXBuildFile; fileRef = 4546328523EF027700936CB0 /* Models.swift */; };
		4546328823EF163100936CB0 /* ModelCoding.swift in Sources */ = {isa = PBXBuildFile; fileRef = 4546328723EF163100936CB0 /* ModelCoding.swift */; };
		4546328A23EF166400936CB0 /* DogDataManager.swift in Sources */ = {isa = PBXBuildFile; fileRef = 4546328923EF166400936CB0 /* DogDataManager.swift */; };
		4546328C23EF168400936CB0 /* Endpoint.swift in Sources */ = {isa = PBXBuildFile; fileRef = 4546328B23EF168400936CB0 /* Endpoint.swift */; };
		4546329023EF237000936CB0 /* MainDogListPresenter.swift in Sources */ = {isa = PBXBuildFile; fileRef = 4546328F23EF237000936CB0 /* MainDogListPresenter.swift */; };
/* End PBXBuildFile section */

/* Begin PBXContainerItemProxy section */
		4546326623EEFDEC00936CB0 /* PBXContainerItemProxy */ = {
			isa = PBXContainerItemProxy;
			containerPortal = 4546324723EEFDEA00936CB0 /* Project object */;
			proxyType = 1;
			remoteGlobalIDString = 4546324E23EEFDEB00936CB0;
			remoteInfo = FindMeDogs;
		};
		4546327123EEFDEC00936CB0 /* PBXContainerItemProxy */ = {
			isa = PBXContainerItemProxy;
			containerPortal = 4546324723EEFDEA00936CB0 /* Project object */;
			proxyType = 1;
			remoteGlobalIDString = 4546324E23EEFDEB00936CB0;
			remoteInfo = FindMeDogs;
		};
/* End PBXContainerItemProxy section */

/* Begin PBXFileReference section */
		4546324F23EEFDEB00936CB0 /* FindMeDogs.app */ = {isa = PBXFileReference; explicitFileType = wrapper.application; includeInIndex = 0; path = FindMeDogs.app; sourceTree = BUILT_PRODUCTS_DIR; };
		4546325223EEFDEB00936CB0 /* AppDelegate.swift */ = {isa = PBXFileReference; lastKnownFileType = sourcecode.swift; path = AppDelegate.swift; sourceTree = "<group>"; };
		4546325423EEFDEB00936CB0 /* SceneDelegate.swift */ = {isa = PBXFileReference; lastKnownFileType = sourcecode.swift; path = SceneDelegate.swift; sourceTree = "<group>"; };
		4546325623EEFDEB00936CB0 /* MainDogListViewController.swift */ = {isa = PBXFileReference; lastKnownFileType = sourcecode.swift; path = MainDogListViewController.swift; sourceTree = "<group>"; };
		4546325B23EEFDEC00936CB0 /* Assets.xcassets */ = {isa = PBXFileReference; lastKnownFileType = folder.assetcatalog; path = Assets.xcassets; sourceTree = "<group>"; };
		4546325E23EEFDEC00936CB0 /* Base */ = {isa = PBXFileReference; lastKnownFileType = file.storyboard; name = Base; path = Base.lproj/LaunchScreen.storyboard; sourceTree = "<group>"; };
		4546326023EEFDEC00936CB0 /* Info.plist */ = {isa = PBXFileReference; lastKnownFileType = text.plist.xml; path = Info.plist; sourceTree = "<group>"; };
		4546326523EEFDEC00936CB0 /* FindMeDogsTests.xctest */ = {isa = PBXFileReference; explicitFileType = wrapper.cfbundle; includeInIndex = 0; path = FindMeDogsTests.xctest; sourceTree = BUILT_PRODUCTS_DIR; };
		4546326923EEFDEC00936CB0 /* FindMeDogsTests.swift */ = {isa = PBXFileReference; lastKnownFileType = sourcecode.swift; path = FindMeDogsTests.swift; sourceTree = "<group>"; };
		4546326B23EEFDEC00936CB0 /* Info.plist */ = {isa = PBXFileReference; lastKnownFileType = text.plist.xml; path = Info.plist; sourceTree = "<group>"; };
		4546327023EEFDEC00936CB0 /* FindMeDogsUITests.xctest */ = {isa = PBXFileReference; explicitFileType = wrapper.cfbundle; includeInIndex = 0; path = FindMeDogsUITests.xctest; sourceTree = BUILT_PRODUCTS_DIR; };
		4546327423EEFDEC00936CB0 /* FindMeDogsUITests.swift */ = {isa = PBXFileReference; lastKnownFileType = sourcecode.swift; path = FindMeDogsUITests.swift; sourceTree = "<group>"; };
		4546327623EEFDEC00936CB0 /* Info.plist */ = {isa = PBXFileReference; lastKnownFileType = text.plist.xml; path = Info.plist; sourceTree = "<group>"; };
		4546328323EF000300936CB0 /* Networking.swift */ = {isa = PBXFileReference; lastKnownFileType = sourcecode.swift; path = Networking.swift; sourceTree = "<group>"; };
		4546328523EF027700936CB0 /* Models.swift */ = {isa = PBXFileReference; lastKnownFileType = sourcecode.swift; path = Models.swift; sourceTree = "<group>"; };
		4546328723EF163100936CB0 /* ModelCoding.swift */ = {isa = PBXFileReference; lastKnownFileType = sourcecode.swift; path = ModelCoding.swift; sourceTree = "<group>"; };
		4546328923EF166400936CB0 /* DogDataManager.swift */ = {isa = PBXFileReference; lastKnownFileType = sourcecode.swift; path = DogDataManager.swift; sourceTree = "<group>"; };
		4546328B23EF168400936CB0 /* Endpoint.swift */ = {isa = PBXFileReference; lastKnownFileType = sourcecode.swift; path = Endpoint.swift; sourceTree = "<group>"; };
		4546328F23EF237000936CB0 /* MainDogListPresenter.swift */ = {isa = PBXFileReference; lastKnownFileType = sourcecode.swift; path = MainDogListPresenter.swift; sourceTree = "<group>"; };
/* End PBXFileReference section */

/* Begin PBXFrameworksBuildPhase section */
		4546324C23EEFDEB00936CB0 /* Frameworks */ = {
			isa = PBXFrameworksBuildPhase;
			buildActionMask = 2147483647;
			files = (
			);
			runOnlyForDeploymentPostprocessing = 0;
		};
		4546326223EEFDEC00936CB0 /* Frameworks */ = {
			isa = PBXFrameworksBuildPhase;
			buildActionMask = 2147483647;
			files = (
			);
			runOnlyForDeploymentPostprocessing = 0;
		};
		4546326D23EEFDEC00936CB0 /* Frameworks */ = {
			isa = PBXFrameworksBuildPhase;
			buildActionMask = 2147483647;
			files = (
			);
			runOnlyForDeploymentPostprocessing = 0;
		};
/* End PBXFrameworksBuildPhase section */

/* Begin PBXGroup section */
		4546324623EEFDEA00936CB0 = {
			isa = PBXGroup;
			children = (
				4546325123EEFDEB00936CB0 /* FindMeDogs */,
				4546326823EEFDEC00936CB0 /* FindMeDogsTests */,
				4546327323EEFDEC00936CB0 /* FindMeDogsUITests */,
				4546325023EEFDEB00936CB0 /* Products */,
			);
			sourceTree = "<group>";
		};
		4546325023EEFDEB00936CB0 /* Products */ = {
			isa = PBXGroup;
			children = (
				4546324F23EEFDEB00936CB0 /* FindMeDogs.app */,
				4546326523EEFDEC00936CB0 /* FindMeDogsTests.xctest */,
				4546327023EEFDEC00936CB0 /* FindMeDogsUITests.xctest */,
			);
			name = Products;
			sourceTree = "<group>";
		};
		4546325123EEFDEB00936CB0 /* FindMeDogs */ = {
			isa = PBXGroup;
			children = (
				4546328E23EF228900936CB0 /* MainUI */,
				4546328D23EF16E700936CB0 /* DogImagesInteractions */,
				4546328223EEFFEE00936CB0 /* DogImagesAPI */,
				4546325223EEFDEB00936CB0 /* AppDelegate.swift */,
				4546325423EEFDEB00936CB0 /* SceneDelegate.swift */,
				4546325B23EEFDEC00936CB0 /* Assets.xcassets */,
				4546325D23EEFDEC00936CB0 /* LaunchScreen.storyboard */,
				4546326023EEFDEC00936CB0 /* Info.plist */,
			);
			path = FindMeDogs;
			sourceTree = "<group>";
		};
		4546326823EEFDEC00936CB0 /* FindMeDogsTests */ = {
			isa = PBXGroup;
			children = (
				4546326923EEFDEC00936CB0 /* FindMeDogsTests.swift */,
				4546326B23EEFDEC00936CB0 /* Info.plist */,
			);
			path = FindMeDogsTests;
			sourceTree = "<group>";
		};
		4546327323EEFDEC00936CB0 /* FindMeDogsUITests */ = {
			isa = PBXGroup;
			children = (
				4546327423EEFDEC00936CB0 /* FindMeDogsUITests.swift */,
				4546327623EEFDEC00936CB0 /* Info.plist */,
			);
			path = FindMeDogsUITests;
			sourceTree = "<group>";
		};
		4546328223EEFFEE00936CB0 /* DogImagesAPI */ = {
			isa = PBXGroup;
			children = (
				4546328323EF000300936CB0 /* Networking.swift */,
				4546328B23EF168400936CB0 /* Endpoint.swift */,
				4546328523EF027700936CB0 /* Models.swift */,
				4546328723EF163100936CB0 /* ModelCoding.swift */,
			);
			path = DogImagesAPI;
			sourceTree = "<group>";
		};
		4546328D23EF16E700936CB0 /* DogImagesInteractions */ = {
			isa = PBXGroup;
			children = (
				4546328923EF166400936CB0 /* DogDataManager.swift */,
			);
			path = DogImagesInteractions;
			sourceTree = "<group>";
		};
		4546328E23EF228900936CB0 /* MainUI */ = {
			isa = PBXGroup;
			children = (
				4546325623EEFDEB00936CB0 /* MainDogListViewController.swift */,
				4546328F23EF237000936CB0 /* MainDogListPresenter.swift */,
			);
			path = MainUI;
			sourceTree = "<group>";
		};
/* End PBXGroup section */

/* Begin PBXNativeTarget section */
		4546324E23EEFDEB00936CB0 /* FindMeDogs */ = {
			isa = PBXNativeTarget;
			buildConfigurationList = 4546327923EEFDEC00936CB0 /* Build configuration list for PBXNativeTarget "FindMeDogs" */;
			buildPhases = (
				4546324B23EEFDEB00936CB0 /* Sources */,
				4546324C23EEFDEB00936CB0 /* Frameworks */,
				4546324D23EEFDEB00936CB0 /* Resources */,
			);
			buildRules = (
			);
			dependencies = (
			);
			name = FindMeDogs;
			productName = FindMeDogs;
			productReference = 4546324F23EEFDEB00936CB0 /* FindMeDogs.app */;
			productType = "com.apple.product-type.application";
		};
		4546326423EEFDEC00936CB0 /* FindMeDogsTests */ = {
			isa = PBXNativeTarget;
			buildConfigurationList = 4546327C23EEFDEC00936CB0 /* Build configuration list for PBXNativeTarget "FindMeDogsTests" */;
			buildPhases = (
				4546326123EEFDEC00936CB0 /* Sources */,
				4546326223EEFDEC00936CB0 /* Frameworks */,
				4546326323EEFDEC00936CB0 /* Resources */,
			);
			buildRules = (
			);
			dependencies = (
				4546326723EEFDEC00936CB0 /* PBXTargetDependency */,
			);
			name = FindMeDogsTests;
			productName = FindMeDogsTests;
			productReference = 4546326523EEFDEC00936CB0 /* FindMeDogsTests.xctest */;
			productType = "com.apple.product-type.bundle.unit-test";
		};
		4546326F23EEFDEC00936CB0 /* FindMeDogsUITests */ = {
			isa = PBXNativeTarget;
			buildConfigurationList = 4546327F23EEFDEC00936CB0 /* Build configuration list for PBXNativeTarget "FindMeDogsUITests" */;
			buildPhases = (
				4546326C23EEFDEC00936CB0 /* Sources */,
				4546326D23EEFDEC00936CB0 /* Frameworks */,
				4546326E23EEFDEC00936CB0 /* Resources */,
			);
			buildRules = (
			);
			dependencies = (
				4546327223EEFDEC00936CB0 /* PBXTargetDependency */,
			);
			name = FindMeDogsUITests;
			productName = FindMeDogsUITests;
			productReference = 4546327023EEFDEC00936CB0 /* FindMeDogsUITests.xctest */;
			productType = "com.apple.product-type.bundle.ui-testing";
		};
/* End PBXNativeTarget section */

/* Begin PBXProject section */
		4546324723EEFDEA00936CB0 /* Project object */ = {
			isa = PBXProject;
			attributes = {
				LastSwiftUpdateCheck = 1130;
				LastUpgradeCheck = 1130;
				ORGANIZATIONNAME = "Ivan Lugo";
				TargetAttributes = {
					4546324E23EEFDEB00936CB0 = {
						CreatedOnToolsVersion = 11.3.1;
					};
					4546326423EEFDEC00936CB0 = {
						CreatedOnToolsVersion = 11.3.1;
						TestTargetID = 4546324E23EEFDEB00936CB0;
					};
					4546326F23EEFDEC00936CB0 = {
						CreatedOnToolsVersion = 11.3.1;
						TestTargetID = 4546324E23EEFDEB00936CB0;
					};
				};
			};
			buildConfigurationList = 4546324A23EEFDEA00936CB0 /* Build configuration list for PBXProject "FindMeDogs" */;
			compatibilityVersion = "Xcode 9.3";
			developmentRegion = en;
			hasScannedForEncodings = 0;
			knownRegions = (
				en,
				Base,
			);
			mainGroup = 4546324623EEFDEA00936CB0;
			productRefGroup = 4546325023EEFDEB00936CB0 /* Products */;
			projectDirPath = "";
			projectRoot = "";
			targets = (
				4546324E23EEFDEB00936CB0 /* FindMeDogs */,
				4546326423EEFDEC00936CB0 /* FindMeDogsTests */,
				4546326F23EEFDEC00936CB0 /* FindMeDogsUITests */,
			);
		};
/* End PBXProject section */

/* Begin PBXResourcesBuildPhase section */
		4546324D23EEFDEB00936CB0 /* Resources */ = {
			isa = PBXResourcesBuildPhase;
			buildActionMask = 2147483647;
			files = (
				4546325F23EEFDEC00936CB0 /* LaunchScreen.storyboard in Resources */,
				4546325C23EEFDEC00936CB0 /* Assets.xcassets in Resources */,
			);
			runOnlyForDeploymentPostprocessing = 0;
		};
		4546326323EEFDEC00936CB0 /* Resources */ = {
			isa = PBXResourcesBuildPhase;
			buildActionMask = 2147483647;
			files = (
			);
			runOnlyForDeploymentPostprocessing = 0;
		};
		4546326E23EEFDEC00936CB0 /* Resources */ = {
			isa = PBXResourcesBuildPhase;
			buildActionMask = 2147483647;
			files = (
			);
			runOnlyForDeploymentPostprocessing = 0;
		};
/* End PBXResourcesBuildPhase section */

/* Begin PBXSourcesBuildPhase section */
		4546324B23EEFDEB00936CB0 /* Sources */ = {
			isa = PBXSourcesBuildPhase;
			buildActionMask = 2147483647;
			files = (
				4546325723EEFDEB00936CB0 /* MainDogListViewController.swift in Sources */,
				4546325323EEFDEB00936CB0 /* AppDelegate.swift in Sources */,
				4546328C23EF168400936CB0 /* Endpoint.swift in Sources */,
				4546328623EF027700936CB0 /* Models.swift in Sources */,
				4546328423EF000300936CB0 /* Networking.swift in Sources */,
				4546329023EF237000936CB0 /* MainDogListPresenter.swift in Sources */,
				4546325523EEFDEB00936CB0 /* SceneDelegate.swift in Sources */,
				4546328823EF163100936CB0 /* ModelCoding.swift in Sources */,
				4546328A23EF166400936CB0 /* DogDataManager.swift in Sources */,
			);
			runOnlyForDeploymentPostprocessing = 0;
		};
		4546326123EEFDEC00936CB0 /* Sources */ = {
			isa = PBXSourcesBuildPhase;
			buildActionMask = 2147483647;
			files = (
				4546326A23EEFDEC00936CB0 /* FindMeDogsTests.swift in Sources */,
			);
			runOnlyForDeploymentPostprocessing = 0;
		};
		4546326C23EEFDEC00936CB0 /* Sources */ = {
			isa = PBXSourcesBuildPhase;
			buildActionMask = 2147483647;
			files = (
				4546327523EEFDEC00936CB0 /* FindMeDogsUITests.swift in Sources */,
			);
			runOnlyForDeploymentPostprocessing = 0;
		};
/* End PBXSourcesBuildPhase section */

/* Begin PBXTargetDependency section */
		4546326723EEFDEC00936CB0 /* PBXTargetDependency */ = {
			isa = PBXTargetDependency;
			target = 4546324E23EEFDEB00936CB0 /* FindMeDogs */;
			targetProxy = 4546326623EEFDEC00936CB0 /* PBXContainerItemProxy */;
		};
		4546327223EEFDEC00936CB0 /* PBXTargetDependency */ = {
			isa = PBXTargetDependency;
			target = 4546324E23EEFDEB00936CB0 /* FindMeDogs */;
			targetProxy = 4546327123EEFDEC00936CB0 /* PBXContainerItemProxy */;
		};
/* End PBXTargetDependency section */

/* Begin PBXVariantGroup section */
		4546325D23EEFDEC00936CB0 /* LaunchScreen.storyboard */ = {
			isa = PBXVariantGroup;
			children = (
				4546325E23EEFDEC00936CB0 /* Base */,
			);
			name = LaunchScreen.storyboard;
			sourceTree = "<group>";
		};
/* End PBXVariantGroup section */

/* Begin XCBuildConfiguration section */
		4546327723EEFDEC00936CB0 /* Debug */ = {
			isa = XCBuildConfiguration;
			buildSettings = {
				ALWAYS_SEARCH_USER_PATHS = NO;
				CLANG_ANALYZER_NONNULL = YES;
				CLANG_ANALYZER_NUMBER_OBJECT_CONVERSION = YES_AGGRESSIVE;
				CLANG_CXX_LANGUAGE_STANDARD = "gnu++14";
				CLANG_CXX_LIBRARY = "libc++";
				CLANG_ENABLE_MODULES = YES;
				CLANG_ENABLE_OBJC_ARC = YES;
				CLANG_ENABLE_OBJC_WEAK = YES;
				CLANG_WARN_BLOCK_CAPTURE_AUTORELEASING = YES;
				CLANG_WARN_BOOL_CONVERSION = YES;
				CLANG_WARN_COMMA = YES;
				CLANG_WARN_CONSTANT_CONVERSION = YES;
				CLANG_WARN_DEPRECATED_OBJC_IMPLEMENTATIONS = YES;
				CLANG_WARN_DIRECT_OBJC_ISA_USAGE = YES_ERROR;
				CLANG_WARN_DOCUMENTATION_COMMENTS = YES;
				CLANG_WARN_EMPTY_BODY = YES;
				CLANG_WARN_ENUM_CONVERSION = YES;
				CLANG_WARN_INFINITE_RECURSION = YES;
				CLANG_WARN_INT_CONVERSION = YES;
				CLANG_WARN_NON_LITERAL_NULL_CONVERSION = YES;
				CLANG_WARN_OBJC_IMPLICIT_RETAIN_SELF = YES;
				CLANG_WARN_OBJC_LITERAL_CONVERSION = YES;
				CLANG_WARN_OBJC_ROOT_CLASS = YES_ERROR;
				CLANG_WARN_RANGE_LOOP_ANALYSIS = YES;
				CLANG_WARN_STRICT_PROTOTYPES = YES;
				CLANG_WARN_SUSPICIOUS_MOVE = YES;
				CLANG_WARN_UNGUARDED_AVAILABILITY = YES_AGGRESSIVE;
				CLANG_WARN_UNREACHABLE_CODE = YES;
				CLANG_WARN__DUPLICATE_METHOD_MATCH = YES;
				COPY_PHASE_STRIP = NO;
				DEBUG_INFORMATION_FORMAT = dwarf;
				ENABLE_STRICT_OBJC_MSGSEND = YES;
				ENABLE_TESTABILITY = YES;
				GCC_C_LANGUAGE_STANDARD = gnu11;
				GCC_DYNAMIC_NO_PIC = NO;
				GCC_NO_COMMON_BLOCKS = YES;
				GCC_OPTIMIZATION_LEVEL = 0;
				GCC_PREPROCESSOR_DEFINITIONS = (
					"DEBUG=1",
					"$(inherited)",
				);
				GCC_WARN_64_TO_32_BIT_CONVERSION = YES;
				GCC_WARN_ABOUT_RETURN_TYPE = YES_ERROR;
				GCC_WARN_UNDECLARED_SELECTOR = YES;
				GCC_WARN_UNINITIALIZED_AUTOS = YES_AGGRESSIVE;
				GCC_WARN_UNUSED_FUNCTION = YES;
				GCC_WARN_UNUSED_VARIABLE = YES;
				IPHONEOS_DEPLOYMENT_TARGET = 13.2;
				MTL_ENABLE_DEBUG_INFO = INCLUDE_SOURCE;
				MTL_FAST_MATH = YES;
				ONLY_ACTIVE_ARCH = YES;
				SDKROOT = iphoneos;
				SWIFT_ACTIVE_COMPILATION_CONDITIONS = DEBUG;
				SWIFT_OPTIMIZATION_LEVEL = "-Onone";
			};
			name = Debug;
		};
		4546327823EEFDEC00936CB0 /* Release */ = {
			isa = XCBuildConfiguration;
			buildSettings = {
				ALWAYS_SEARCH_USER_PATHS = NO;
				CLANG_ANALYZER_NONNULL = YES;
				CLANG_ANALYZER_NUMBER_OBJECT_CONVERSION = YES_AGGRESSIVE;
				CLANG_CXX_LANGUAGE_STANDARD = "gnu++14";
				CLANG_CXX_LIBRARY = "libc++";
				CLANG_ENABLE_MODULES = YES;
				CLANG_ENABLE_OBJC_ARC = YES;
				CLANG_ENABLE_OBJC_WEAK = YES;
				CLANG_WARN_BLOCK_CAPTURE_AUTORELEASING = YES;
				CLANG_WARN_BOOL_CONVERSION = YES;
				CLANG_WARN_COMMA = YES;
				CLANG_WARN_CONSTANT_CONVERSION = YES;
				CLANG_WARN_DEPRECATED_OBJC_IMPLEMENTATIONS = YES;
				CLANG_WARN_DIRECT_OBJC_ISA_USAGE = YES_ERROR;
				CLANG_WARN_DOCUMENTATION_COMMENTS = YES;
				CLANG_WARN_EMPTY_BODY = YES;
				CLANG_WARN_ENUM_CONVERSION = YES;
				CLANG_WARN_INFINITE_RECURSION = YES;
				CLANG_WARN_INT_CONVERSION = YES;
				CLANG_WARN_NON_LITERAL_NULL_CONVERSION = YES;
				CLANG_WARN_OBJC_IMPLICIT_RETAIN_SELF = YES;
				CLANG_WARN_OBJC_LITERAL_CONVERSION = YES;
				CLANG_WARN_OBJC_ROOT_CLASS = YES_ERROR;
				CLANG_WARN_RANGE_LOOP_ANALYSIS = YES;
				CLANG_WARN_STRICT_PROTOTYPES = YES;
				CLANG_WARN_SUSPICIOUS_MOVE = YES;
				CLANG_WARN_UNGUARDED_AVAILABILITY = YES_AGGRESSIVE;
				CLANG_WARN_UNREACHABLE_CODE = YES;
				CLANG_WARN__DUPLICATE_METHOD_MATCH = YES;
				COPY_PHASE_STRIP = NO;
				DEBUG_INFORMATION_FORMAT = "dwarf-with-dsym";
				ENABLE_NS_ASSERTIONS = NO;
				ENABLE_STRICT_OBJC_MSGSEND = YES;
				GCC_C_LANGUAGE_STANDARD = gnu11;
				GCC_NO_COMMON_BLOCKS = YES;
				GCC_WARN_64_TO_32_BIT_CONVERSION = YES;
				GCC_WARN_ABOUT_RETURN_TYPE = YES_ERROR;
				GCC_WARN_UNDECLARED_SELECTOR = YES;
				GCC_WARN_UNINITIALIZED_AUTOS = YES_AGGRESSIVE;
				GCC_WARN_UNUSED_FUNCTION = YES;
				GCC_WARN_UNUSED_VARIABLE = YES;
				IPHONEOS_DEPLOYMENT_TARGET = 13.2;
				MTL_ENABLE_DEBUG_INFO = NO;
				MTL_FAST_MATH = YES;
				SDKROOT = iphoneos;
				SWIFT_COMPILATION_MODE = wholemodule;
				SWIFT_OPTIMIZATION_LEVEL = "-O";
				VALIDATE_PRODUCT = YES;
			};
			name = Release;
		};
		4546327A23EEFDEC00936CB0 /* Debug */ = {
			isa = XCBuildConfiguration;
			buildSettings = {
				ASSETCATALOG_COMPILER_APPICON_NAME = AppIcon;
				CODE_SIGN_STYLE = Automatic;
				DEVELOPMENT_TEAM = XR2HQNSZ68;
				INFOPLIST_FILE = FindMeDogs/Info.plist;
				LD_RUNPATH_SEARCH_PATHS = (
					"$(inherited)",
					"@executable_path/Frameworks",
				);
				PRODUCT_BUNDLE_IDENTIFIER = lugonium.FindMeDogs;
				PRODUCT_NAME = "$(TARGET_NAME)";
				SWIFT_VERSION = 5.0;
				TARGETED_DEVICE_FAMILY = "1,2";
			};
			name = Debug;
		};
		4546327B23EEFDEC00936CB0 /* Release */ = {
			isa = XCBuildConfiguration;
			buildSettings = {
				ASSETCATALOG_COMPILER_APPICON_NAME = AppIcon;
				CODE_SIGN_STYLE = Automatic;
				DEVELOPMENT_TEAM = XR2HQNSZ68;
				INFOPLIST_FILE = FindMeDogs/Info.plist;
				LD_RUNPATH_SEARCH_PATHS = (
					"$(inherited)",
					"@executable_path/Frameworks",
				);
				PRODUCT_BUNDLE_IDENTIFIER = lugonium.FindMeDogs;
				PRODUCT_NAME = "$(TARGET_NAME)";
				SWIFT_VERSION = 5.0;
				TARGETED_DEVICE_FAMILY = "1,2";
			};
			name = Release;
		};
		4546327D23EEFDEC00936CB0 /* Debug */ = {
			isa = XCBuildConfiguration;
			buildSettings = {
				ALWAYS_EMBED_SWIFT_STANDARD_LIBRARIES = YES;
				BUNDLE_LOADER = "$(TEST_HOST)";
				CODE_SIGN_STYLE = Automatic;
				DEVELOPMENT_TEAM = XR2HQNSZ68;
				INFOPLIST_FILE = FindMeDogsTests/Info.plist;
				IPHONEOS_DEPLOYMENT_TARGET = 13.2;
				LD_RUNPATH_SEARCH_PATHS = (
					"$(inherited)",
					"@executable_path/Frameworks",
					"@loader_path/Frameworks",
				);
				PRODUCT_BUNDLE_IDENTIFIER = lugonium.FindMeDogsTests;
				PRODUCT_NAME = "$(TARGET_NAME)";
				SWIFT_VERSION = 5.0;
				TARGETED_DEVICE_FAMILY = "1,2";
				TEST_HOST = "$(BUILT_PRODUCTS_DIR)/FindMeDogs.app/FindMeDogs";
			};
			name = Debug;
		};
		4546327E23EEFDEC00936CB0 /* Release */ = {
			isa = XCBuildConfiguration;
			buildSettings = {
				ALWAYS_EMBED_SWIFT_STANDARD_LIBRARIES = YES;
				BUNDLE_LOADER = "$(TEST_HOST)";
				CODE_SIGN_STYLE = Automatic;
				DEVELOPMENT_TEAM = XR2HQNSZ68;
				INFOPLIST_FILE = FindMeDogsTests/Info.plist;
				IPHONEOS_DEPLOYMENT_TARGET = 13.2;
				LD_RUNPATH_SEARCH_PATHS = (
					"$(inherited)",
					"@executable_path/Frameworks",
					"@loader_path/Frameworks",
				);
				PRODUCT_BUNDLE_IDENTIFIER = lugonium.FindMeDogsTests;
				PRODUCT_NAME = "$(TARGET_NAME)";
				SWIFT_VERSION = 5.0;
				TARGETED_DEVICE_FAMILY = "1,2";
				TEST_HOST = "$(BUILT_PRODUCTS_DIR)/FindMeDogs.app/FindMeDogs";
			};
			name = Release;
		};
		4546328023EEFDEC00936CB0 /* Debug */ = {
			isa = XCBuildConfiguration;
			buildSettings = {
				ALWAYS_EMBED_SWIFT_STANDARD_LIBRARIES = YES;
				CODE_SIGN_STYLE = Automatic;
				DEVELOPMENT_TEAM = XR2HQNSZ68;
				INFOPLIST_FILE = FindMeDogsUITests/Info.plist;
				LD_RUNPATH_SEARCH_PATHS = (
					"$(inherited)",
					"@executable_path/Frameworks",
					"@loader_path/Frameworks",
				);
				PRODUCT_BUNDLE_IDENTIFIER = lugonium.FindMeDogsUITests;
				PRODUCT_NAME = "$(TARGET_NAME)";
				SWIFT_VERSION = 5.0;
				TARGETED_DEVICE_FAMILY = "1,2";
				TEST_TARGET_NAME = FindMeDogs;
			};
			name = Debug;
		};
		4546328123EEFDEC00936CB0 /* Release */ = {
			isa = XCBuildConfiguration;
			buildSettings = {
				ALWAYS_EMBED_SWIFT_STANDARD_LIBRARIES = YES;
				CODE_SIGN_STYLE = Automatic;
				DEVELOPMENT_TEAM = XR2HQNSZ68;
				INFOPLIST_FILE = FindMeDogsUITests/Info.plist;
				LD_RUNPATH_SEARCH_PATHS = (
					"$(inherited)",
					"@executable_path/Frameworks",
					"@loader_path/Frameworks",
				);
				PRODUCT_BUNDLE_IDENTIFIER = lugonium.FindMeDogsUITests;
				PRODUCT_NAME = "$(TARGET_NAME)";
				SWIFT_VERSION = 5.0;
				TARGETED_DEVICE_FAMILY = "1,2";
				TEST_TARGET_NAME = FindMeDogs;
			};
			name = Release;
		};
/* End XCBuildConfiguration section */

/* Begin XCConfigurationList section */
		4546324A23EEFDEA00936CB0 /* Build configuration list for PBXProject "FindMeDogs" */ = {
			isa = XCConfigurationList;
			buildConfigurations = (
				4546327723EEFDEC00936CB0 /* Debug */,
				4546327823EEFDEC00936CB0 /* Release */,
			);
			defaultConfigurationIsVisible = 0;
			defaultConfigurationName = Release;
		};
		4546327923EEFDEC00936CB0 /* Build configuration list for PBXNativeTarget "FindMeDogs" */ = {
			isa = XCConfigurationList;
			buildConfigurations = (
				4546327A23EEFDEC00936CB0 /* Debug */,
				4546327B23EEFDEC00936CB0 /* Release */,
			);
			defaultConfigurationIsVisible = 0;
			defaultConfigurationName = Release;
		};
		4546327C23EEFDEC00936CB0 /* Build configuration list for PBXNativeTarget "FindMeDogsTests" */ = {
			isa = XCConfigurationList;
			buildConfigurations = (
				4546327D23EEFDEC00936CB0 /* Debug */,
				4546327E23EEFDEC00936CB0 /* Release */,
			);
			defaultConfigurationIsVisible = 0;
			defaultConfigurationName = Release;
		};
		4546327F23EEFDEC00936CB0 /* Build configuration list for PBXNativeTarget "FindMeDogsUITests" */ = {
			isa = XCConfigurationList;
			buildConfigurations = (
				4546328023EEFDEC00936CB0 /* Debug */,
				4546328123EEFDEC00936CB0 /* Release */,
			);
			defaultConfigurationIsVisible = 0;
			defaultConfigurationName = Release;
		};
/* End XCConfigurationList section */
	};
	rootObject = 4546324723EEFDEA00936CB0 /* Project object */;
}
